// !$*UTF8*$!
{
	archiveVersion = 1;
	classes = {
	};
	objectVersion = 46;
	objects = {

/* Begin PBXBuildFile section */
		11851FEB1BE918B4006C0047 /* AppDelegate.swift in Sources */ = {isa = PBXBuildFile; fileRef = 11851FEA1BE918B4006C0047 /* AppDelegate.swift */; };
		11851FED1BE918B4006C0047 /* Assets.xcassets in Resources */ = {isa = PBXBuildFile; fileRef = 11851FEC1BE918B4006C0047 /* Assets.xcassets */; };
		11851FF01BE918B4006C0047 /* MainMenu.xib in Resources */ = {isa = PBXBuildFile; fileRef = 11851FEE1BE918B4006C0047 /* MainMenu.xib */; };
/* End PBXBuildFile section */

/* Begin PBXFileReference section */
		11851FE71BE918B4006C0047 /* MonthViewer.app */ = {isa = PBXFileReference; explicitFileType = wrapper.application; includeInIndex = 0; path = MonthViewer.app; sourceTree = BUILT_PRODUCTS_DIR; };
		11851FEA1BE918B4006C0047 /* AppDelegate.swift */ = {isa = PBXFileReference; lastKnownFileType = sourcecode.swift; path = AppDelegate.swift; sourceTree = "<group>"; };
		11851FEC1BE918B4006C0047 /* Assets.xcassets */ = {isa = PBXFileReference; lastKnownFileType = folder.assetcatalog; path = Assets.xcassets; sourceTree = "<group>"; };
		11851FEF1BE918B4006C0047 /* Base */ = {isa = PBXFileReference; lastKnownFileType = file.xib; name = Base; path = Base.lproj/MainMenu.xib; sourceTree = "<group>"; };
		11851FF11BE918B4006C0047 /* Info.plist */ = {isa = PBXFileReference; lastKnownFileType = text.plist.xml; path = Info.plist; sourceTree = "<group>"; };
/* End PBXFileReference section */

/* Begin PBXFrameworksBuildPhase section */
		11851FE41BE918B4006C0047 /* Frameworks */ = {
			isa = PBXFrameworksBuildPhase;
			buildActionMask = 2147483647;
			files = (
			);
			runOnlyForDeploymentPostprocessing = 0;
		};
/* End PBXFrameworksBuildPhase section */

/* Begin PBXGroup section */
		11851FDE1BE918B4006C0047 = {
			isa = PBXGroup;
			children = (
				11851FE91BE918B4006C0047 /* MonthViewer */,
				11851FE81BE918B4006C0047 /* Products */,
			);
			sourceTree = "<group>";
		};
		11851FE81BE918B4006C0047 /* Products */ = {
			isa = PBXGroup;
			children = (
				11851FE71BE918B4006C0047 /* MonthViewer.app */,
			);
			name = Products;
			sourceTree = "<group>";
		};
		11851FE91BE918B4006C0047 /* MonthViewer */ = {
			isa = PBXGroup;
			children = (
				11851FEA1BE918B4006C0047 /* AppDelegate.swift */,
				11851FEC1BE918B4006C0047 /* Assets.xcassets */,
				11851FEE1BE918B4006C0047 /* MainMenu.xib */,
				11851FF11BE918B4006C0047 /* Info.plist */,
			);
			path = MonthViewer;
			sourceTree = "<group>";
		};
/* End PBXGroup section */

/* Begin PBXNativeTarget section */
		11851FE61BE918B4006C0047 /* MonthViewer */ = {
			isa = PBXNativeTarget;
			buildConfigurationList = 11851FF41BE918B4006C0047 /* Build configuration list for PBXNativeTarget "MonthViewer" */;
			buildPhases = (
				11851FE31BE918B4006C0047 /* Sources */,
				11851FE41BE918B4006C0047 /* Frameworks */,
				11851FE51BE918B4006C0047 /* Resources */,
			);
			buildRules = (
			);
			dependencies = (
			);
			name = MonthViewer;
			productName = MonthViewer;
			productReference = 11851FE71BE918B4006C0047 /* MonthViewer.app */;
			productType = "com.apple.product-type.application";
		};
/* End PBXNativeTarget section */

/* Begin PBXProject section */
		11851FDF1BE918B4006C0047 /* Project object */ = {
			isa = PBXProject;
			attributes = {
				LastSwiftUpdateCheck = 0710;
				LastUpgradeCheck = 0710;
				ORGANIZATIONNAME = "Le Huu Tri";
				TargetAttributes = {
					11851FE61BE918B4006C0047 = {
						CreatedOnToolsVersion = 7.1;
					};
				};
			};
			buildConfigurationList = 11851FE21BE918B4006C0047 /* Build configuration list for PBXProject "MonthViewer" */;
			compatibilityVersion = "Xcode 3.2";
			developmentRegion = English;
			hasScannedForEncodings = 0;
			knownRegions = (
				en,
				Base,
			);
			mainGroup = 11851FDE1BE918B4006C0047;
			productRefGroup = 11851FE81BE918B4006C0047 /* Products */;
			projectDirPath = "";
			projectRoot = "";
			targets = (
				11851FE61BE918B4006C0047 /* MonthViewer */,
			);
		};
/* End PBXProject section */

/* Begin PBXResourcesBuildPhase section */
		11851FE51BE918B4006C0047 /* Resources */ = {
			isa = PBXResourcesBuildPhase;
			buildActionMask = 2147483647;
			files = (
				11851FED1BE918B4006C0047 /* Assets.xcassets in Resources */,
				11851FF01BE918B4006C0047 /* MainMenu.xib in Resources */,
			);
			runOnlyForDeploymentPostprocessing = 0;
		};
/* End PBXResourcesBuildPhase section */

/* Begin PBXSourcesBuildPhase section */
		11851FE31BE918B4006C0047 /* Sources */ = {
			isa = PBXSourcesBuildPhase;
			buildActionMask = 2147483647;
			files = (
				11851FEB1BE918B4006C0047 /* AppDelegate.swift in Sources */,
			);
			runOnlyForDeploymentPostprocessing = 0;
		};
/* End PBXSourcesBuildPhase section */

/* Begin PBXVariantGroup section */
		11851FEE1BE918B4006C0047 /* MainMenu.xib */ = {
			isa = PBXVariantGroup;
			children = (
				11851FEF1BE918B4006C0047 /* Base */,
			);
			name = MainMenu.xib;
			sourceTree = "<group>";
		};
/* End PBXVariantGroup section */

/* Begin XCBuildConfiguration section */
		11851FF21BE918B4006C0047 /* Debug */ = {
			isa = XCBuildConfiguration;
			buildSettings = {
				ALWAYS_SEARCH_USER_PATHS = NO;
				CLANG_CXX_LANGUAGE_STANDARD = "gnu++0x";
				CLANG_CXX_LIBRARY = "libc++";
				CLANG_ENABLE_MODULES = YES;
				CLANG_ENABLE_OBJC_ARC = YES;
				CLANG_WARN_BOOL_CONVERSION = YES;
				CLANG_WARN_CONSTANT_CONVERSION = YES;
				CLANG_WARN_DIRECT_OBJC_ISA_USAGE = YES_ERROR;
				CLANG_WARN_EMPTY_BODY = YES;
				CLANG_WARN_ENUM_CONVERSION = YES;
				CLANG_WARN_INT_CONVERSION = YES;
				CLANG_WARN_OBJC_ROOT_CLASS = YES_ERROR;
				CLANG_WARN_UNREACHABLE_CODE = YES;
				CLANG_WARN__DUPLICATE_METHOD_MATCH = YES;
				CODE_SIGN_IDENTITY = "-";
				COPY_PHASE_STRIP = NO;
				DEBUG_INFORMATION_FORMAT = dwarf;
				ENABLE_STRICT_OBJC_MSGSEND = YES;
				ENABLE_TESTABILITY = YES;
				GCC_C_LANGUAGE_STANDARD = gnu99;
				GCC_DYNAMIC_NO_PIC = NO;
				GCC_NO_COMMON_BLOCKS = YES;
				GCC_OPTIMIZATION_LEVEL = 0;
				GCC_PREPROCESSOR_DEFINITIONS = (
					"DEBUG=1",
					"$(inherited)",
				);
				GCC_WARN_64_TO_32_BIT_CONVERSION = YES;
				GCC_WARN_ABOUT_RETURN_TYPE = YES_ERROR;
				GCC_WARN_UNDECLARED_SELECTOR = YES;
				GCC_WARN_UNINITIALIZED_AUTOS = YES_AGGRESSIVE;
				GCC_WARN_UNUSED_FUNCTION = YES;
				GCC_WARN_UNUSED_VARIABLE = YES;
				MACOSX_DEPLOYMENT_TARGET = 10.11;
				MTL_ENABLE_DEBUG_INFO = YES;
				ONLY_ACTIVE_ARCH = YES;
				SDKROOT = macosx;
				SWIFT_OPTIMIZATION_LEVEL = "-Onone";
			};
			name = Debug;
		};
		11851FF31BE918B4006C0047 /* Release */ = {
			isa = XCBuildConfiguration;
			buildSettings = {
				ALWAYS_SEARCH_USER_PATHS = NO;
				CLANG_CXX_LANGUAGE_STANDARD = "gnu++0x";
				CLANG_CXX_LIBRARY = "libc++";
				CLANG_ENABLE_MODULES = YES;
				CLANG_ENABLE_OBJC_ARC = YES;
				CLANG_WARN_BOOL_CONVERSION = YES;
				CLANG_WARN_CONSTANT_CONVERSION = YES;
				CLANG_WARN_DIRECT_OBJC_ISA_USAGE = YES_ERROR;
				CLANG_WARN_EMPTY_BODY = YES;
				CLANG_WARN_ENUM_CONVERSION = YES;
				CLANG_WARN_INT_CONVERSION = YES;
				CLANG_WARN_OBJC_ROOT_CLASS = YES_ERROR;
				CLANG_WARN_UNREACHABLE_CODE = YES;
				CLANG_WARN__DUPLICATE_METHOD_MATCH = YES;
				CODE_SIGN_IDENTITY = "-";
				COPY_PHASE_STRIP = NO;
				DEBUG_INFORMATION_FORMAT = "dwarf-with-dsym";
				ENABLE_NS_ASSERTIONS = NO;
				ENABLE_STRICT_OBJC_MSGSEND = YES;
				GCC_C_LANGUAGE_STANDARD = gnu99;
				GCC_NO_COMMON_BLOCKS = YES;
				GCC_WARN_64_TO_32_BIT_CONVERSION = YES;
				GCC_WARN_ABOUT_RETURN_TYPE = YES_ERROR;
				GCC_WARN_UNDECLARED_SELECTOR = YES;
				GCC_WARN_UNINITIALIZED_AUTOS = YES_AGGRESSIVE;
				GCC_WARN_UNUSED_FUNCTION = YES;
				GCC_WARN_UNUSED_VARIABLE = YES;
				MACOSX_DEPLOYMENT_TARGET = 10.11;
				MTL_ENABLE_DEBUG_INFO = NO;
				SDKROOT = macosx;
			};
			name = Release;
		};
		11851FF51BE918B4006C0047 /* Debug */ = {
			isa = XCBuildConfiguration;
			buildSettings = {
				ASSETCATALOG_COMPILER_APPICON_NAME = AppIcon;
				COMBINE_HIDPI_IMAGES = YES;
				INFOPLIST_FILE = MonthViewer/Info.plist;
				LD_RUNPATH_SEARCH_PATHS = "$(inherited) @executable_path/../Frameworks";
				PRODUCT_BUNDLE_IDENTIFIER = com.lehuutri.MonthViewer;
				PRODUCT_NAME = "$(TARGET_NAME)";
			};
			name = Debug;
		};
		11851FF61BE918B4006C0047 /* Release */ = {
			isa = XCBuildConfiguration;
			buildSettings = {
				ASSETCATALOG_COMPILER_APPICON_NAME = AppIcon;
				COMBINE_HIDPI_IMAGES = YES;
				INFOPLIST_FILE = MonthViewer/Info.plist;
				LD_RUNPATH_SEARCH_PATHS = "$(inherited) @executable_path/../Frameworks";
				PRODUCT_BUNDLE_IDENTIFIER = com.lehuutri.MonthViewer;
				PRODUCT_NAME = "$(TARGET_NAME)";
			};
			name = Release;
		};
/* End XCBuildConfiguration section */

/* Begin XCConfigurationList section */
		11851FE21BE918B4006C0047 /* Build configuration list for PBXProject "MonthViewer" */ = {
			isa = XCConfigurationList;
			buildConfigurations = (
				11851FF21BE918B4006C0047 /* Debug */,
				11851FF31BE918B4006C0047 /* Release */,
			);
			defaultConfigurationIsVisible = 0;
			defaultConfigurationName = Release;
		};
		11851FF41BE918B4006C0047 /* Build configuration list for PBXNativeTarget "MonthViewer" */ = {
			isa = XCConfigurationList;
			buildConfigurations = (
				11851FF51BE918B4006C0047 /* Debug */,
				11851FF61BE918B4006C0047 /* Release */,
			);
			defaultConfigurationIsVisible = 0;
		};
/* End XCConfigurationList section */
	};
	rootObject = 11851FDF1BE918B4006C0047 /* Project object */;
}
